
Microsoft Visual Studio Solution File, Format Version 12.00
# Visual Studio 15
VisualStudioVersion = 15.0.28307.489
MinimumVisualStudioVersion = 10.0.40219.1
Project("{8BC9CEB8-8B4A-11D0-8D11-00A0C91BC942}") = "A2", "A2\A2.vcxproj", "{CF22139C-8573-4A87-BFE3-0A03DB34C0D0}"
EndProject
Global
	GlobalSection(SolutionConfigurationPlatforms) = preSolution
		Debug|x64 = Debug|x64
		Debug|x86 = Debug|x86
		Release|x64 = Release|x64
		Release|x86 = Release|x86
	EndGlobalSection
	GlobalSection(ProjectConfigurationPlatforms) = postSolution
		{CF22139C-8573-4A87-BFE3-0A03DB34C0D0}.Debug|x64.ActiveCfg = Debug|x64
		{CF22139C-8573-4A87-BFE3-0A03DB34C0D0}.Debug|x64.Build.0 = Debug|x64
		{CF22139C-8573-4A87-BFE3-0A03DB34C0D0}.Debug|x86.ActiveCfg = Debug|Win32
		{CF22139C-8573-4A87-BFE3-0A03DB34C0D0}.Debug|x86.Build.0 = Debug|Win32
		{CF22139C-8573-4A87-BFE3-0A03DB34C0D0}.Release|x64.ActiveCfg = Release|x64
		{CF22139C-8573-4A87-BFE3-0A03DB34C0D0}.Release|x64.Build.0 = Release|x64
		{CF22139C-8573-4A87-BFE3-0A03DB34C0D0}.Release|x86.ActiveCfg = Release|Win32
		{CF22139C-8573-4A87-BFE3-0A03DB34C0D0}.Release|x86.Build.0 = Release|Win32
	EndGlobalSection
	GlobalSection(SolutionProperties) = preSolution
		HideSolutionNode = FALSE
	EndGlobalSection
	GlobalSection(ExtensibilityGlobals) = postSolution
		SolutionGuid = {2137B667-13E7-4A1B-B6A3-AE1210C03D5B}
	EndGlobalSection
EndGlobal
